// !$*UTF8*$!
{
	archiveVersion = 1;
	classes = {
	};
	objectVersion = 50;
	objects = {

/* Begin PBXBuildFile section */
		08E80B062237A6A7002C0D55 /* AppDelegate.m in Sources */ = {isa = PBXBuildFile; fileRef = 08E80B052237A6A7002C0D55 /* AppDelegate.m */; };
		08E80B092237A6A7002C0D55 /* ViewController.m in Sources */ = {isa = PBXBuildFile; fileRef = 08E80B082237A6A7002C0D55 /* ViewController.m */; };
		08E80B0C2237A6A7002C0D55 /* Main.storyboard in Resources */ = {isa = PBXBuildFile; fileRef = 08E80B0A2237A6A7002C0D55 /* Main.storyboard */; };
		08E80B0E2237A6A9002C0D55 /* Assets.xcassets in Resources */ = {isa = PBXBuildFile; fileRef = 08E80B0D2237A6A9002C0D55 /* Assets.xcassets */; };
		08E80B112237A6A9002C0D55 /* LaunchScreen.storyboard in Resources */ = {isa = PBXBuildFile; fileRef = 08E80B0F2237A6A9002C0D55 /* LaunchScreen.storyboard */; };
		08E80B142237A6A9002C0D55 /* main.m in Sources */ = {isa = PBXBuildFile; fileRef = 08E80B132237A6A9002C0D55 /* main.m */; };
		08E80B1E2237A6A9002C0D55 /* RPFaceRecognitionTests.m in Sources */ = {isa = PBXBuildFile; fileRef = 08E80B1D2237A6A9002C0D55 /* RPFaceRecognitionTests.m */; };
		08E80B292237A6A9002C0D55 /* RPFaceRecognitionUITests.m in Sources */ = {isa = PBXBuildFile; fileRef = 08E80B282237A6A9002C0D55 /* RPFaceRecognitionUITests.m */; };
		08E80B392237A6FD002C0D55 /* RPCameraManager.m in Sources */ = {isa = PBXBuildFile; fileRef = 08E80B382237A6FD002C0D55 /* RPCameraManager.m */; };
		08E80B3C2237A730002C0D55 /* UIImage+RPResize.m in Sources */ = {isa = PBXBuildFile; fileRef = 08E80B3B2237A730002C0D55 /* UIImage+RPResize.m */; };
/* End PBXBuildFile section */

/* Begin PBXContainerItemProxy section */
		08E80B1A2237A6A9002C0D55 /* PBXContainerItemProxy */ = {
			isa = PBXContainerItemProxy;
			containerPortal = 08E80AF92237A6A6002C0D55 /* Project object */;
			proxyType = 1;
			remoteGlobalIDString = 08E80B002237A6A7002C0D55;
			remoteInfo = RPFaceRecognition;
		};
		08E80B252237A6A9002C0D55 /* PBXContainerItemProxy */ = {
			isa = PBXContainerItemProxy;
			containerPortal = 08E80AF92237A6A6002C0D55 /* Project object */;
			proxyType = 1;
			remoteGlobalIDString = 08E80B002237A6A7002C0D55;
			remoteInfo = RPFaceRecognition;
		};
/* End PBXContainerItemProxy section */

/* Begin PBXFileReference section */
		08E80B012237A6A7002C0D55 /* RPFaceRecognition.app */ = {isa = PBXFileReference; explicitFileType = wrapper.application; includeInIndex = 0; path = RPFaceRecognition.app; sourceTree = BUILT_PRODUCTS_DIR; };
		08E80B042237A6A7002C0D55 /* AppDelegate.h */ = {isa = PBXFileReference; lastKnownFileType = sourcecode.c.h; path = AppDelegate.h; sourceTree = "<group>"; };
		08E80B052237A6A7002C0D55 /* AppDelegate.m */ = {isa = PBXFileReference; lastKnownFileType = sourcecode.c.objc; path = AppDelegate.m; sourceTree = "<group>"; };
		08E80B072237A6A7002C0D55 /* ViewController.h */ = {isa = PBXFileReference; lastKnownFileType = sourcecode.c.h; path = ViewController.h; sourceTree = "<group>"; };
		08E80B082237A6A7002C0D55 /* ViewController.m */ = {isa = PBXFileReference; lastKnownFileType = sourcecode.c.objc; path = ViewController.m; sourceTree = "<group>"; };
		08E80B0B2237A6A7002C0D55 /* Base */ = {isa = PBXFileReference; lastKnownFileType = file.storyboard; name = Base; path = Base.lproj/Main.storyboard; sourceTree = "<group>"; };
		08E80B0D2237A6A9002C0D55 /* Assets.xcassets */ = {isa = PBXFileReference; lastKnownFileType = folder.assetcatalog; path = Assets.xcassets; sourceTree = "<group>"; };
		08E80B102237A6A9002C0D55 /* Base */ = {isa = PBXFileReference; lastKnownFileType = file.storyboard; name = Base; path = Base.lproj/LaunchScreen.storyboard; sourceTree = "<group>"; };
		08E80B122237A6A9002C0D55 /* Info.plist */ = {isa = PBXFileReference; lastKnownFileType = text.plist.xml; path = Info.plist; sourceTree = "<group>"; };
		08E80B132237A6A9002C0D55 /* main.m */ = {isa = PBXFileReference; lastKnownFileType = sourcecode.c.objc; path = main.m; sourceTree = "<group>"; };
		08E80B192237A6A9002C0D55 /* RPFaceRecognitionTests.xctest */ = {isa = PBXFileReference; explicitFileType = wrapper.cfbundle; includeInIndex = 0; path = RPFaceRecognitionTests.xctest; sourceTree = BUILT_PRODUCTS_DIR; };
		08E80B1D2237A6A9002C0D55 /* RPFaceRecognitionTests.m */ = {isa = PBXFileReference; lastKnownFileType = sourcecode.c.objc; path = RPFaceRecognitionTests.m; sourceTree = "<group>"; };
		08E80B1F2237A6A9002C0D55 /* Info.plist */ = {isa = PBXFileReference; lastKnownFileType = text.plist.xml; path = Info.plist; sourceTree = "<group>"; };
		08E80B242237A6A9002C0D55 /* RPFaceRecognitionUITests.xctest */ = {isa = PBXFileReference; explicitFileType = wrapper.cfbundle; includeInIndex = 0; path = RPFaceRecognitionUITests.xctest; sourceTree = BUILT_PRODUCTS_DIR; };
		08E80B282237A6A9002C0D55 /* RPFaceRecognitionUITests.m */ = {isa = PBXFileReference; lastKnownFileType = sourcecode.c.objc; path = RPFaceRecognitionUITests.m; sourceTree = "<group>"; };
		08E80B2A2237A6A9002C0D55 /* Info.plist */ = {isa = PBXFileReference; lastKnownFileType = text.plist.xml; path = Info.plist; sourceTree = "<group>"; };
		08E80B372237A6FD002C0D55 /* RPCameraManager.h */ = {isa = PBXFileReference; lastKnownFileType = sourcecode.c.h; path = RPCameraManager.h; sourceTree = "<group>"; };
		08E80B382237A6FD002C0D55 /* RPCameraManager.m */ = {isa = PBXFileReference; lastKnownFileType = sourcecode.c.objc; path = RPCameraManager.m; sourceTree = "<group>"; };
		08E80B3A2237A730002C0D55 /* UIImage+RPResize.h */ = {isa = PBXFileReference; lastKnownFileType = sourcecode.c.h; path = "UIImage+RPResize.h"; sourceTree = "<group>"; };
		08E80B3B2237A730002C0D55 /* UIImage+RPResize.m */ = {isa = PBXFileReference; lastKnownFileType = sourcecode.c.objc; path = "UIImage+RPResize.m"; sourceTree = "<group>"; };
/* End PBXFileReference section */

/* Begin PBXFrameworksBuildPhase section */
		08E80AFE2237A6A7002C0D55 /* Frameworks */ = {
			isa = PBXFrameworksBuildPhase;
			buildActionMask = 2147483647;
			files = (
			);
			runOnlyForDeploymentPostprocessing = 0;
		};
		08E80B162237A6A9002C0D55 /* Frameworks */ = {
			isa = PBXFrameworksBuildPhase;
			buildActionMask = 2147483647;
			files = (
			);
			runOnlyForDeploymentPostprocessing = 0;
		};
		08E80B212237A6A9002C0D55 /* Frameworks */ = {
			isa = PBXFrameworksBuildPhase;
			buildActionMask = 2147483647;
			files = (
			);
			runOnlyForDeploymentPostprocessing = 0;
		};
/* End PBXFrameworksBuildPhase section */

/* Begin PBXGroup section */
		08E80AF82237A6A6002C0D55 = {
			isa = PBXGroup;
			children = (
				08E80B032237A6A7002C0D55 /* RPFaceRecognition */,
				08E80B1C2237A6A9002C0D55 /* RPFaceRecognitionTests */,
				08E80B272237A6A9002C0D55 /* RPFaceRecognitionUITests */,
				08E80B022237A6A7002C0D55 /* Products */,
			);
			sourceTree = "<group>";
		};
		08E80B022237A6A7002C0D55 /* Products */ = {
			isa = PBXGroup;
			children = (
				08E80B012237A6A7002C0D55 /* RPFaceRecognition.app */,
				08E80B192237A6A9002C0D55 /* RPFaceRecognitionTests.xctest */,
				08E80B242237A6A9002C0D55 /* RPFaceRecognitionUITests.xctest */,
			);
			name = Products;
			sourceTree = "<group>";
		};
		08E80B032237A6A7002C0D55 /* RPFaceRecognition */ = {
			isa = PBXGroup;
			children = (
				08E80B362237A6DB002C0D55 /* RPCameraManager */,
				08E80B042237A6A7002C0D55 /* AppDelegate.h */,
				08E80B052237A6A7002C0D55 /* AppDelegate.m */,
				08E80B072237A6A7002C0D55 /* ViewController.h */,
				08E80B082237A6A7002C0D55 /* ViewController.m */,
				08E80B0A2237A6A7002C0D55 /* Main.storyboard */,
				08E80B0D2237A6A9002C0D55 /* Assets.xcassets */,
				08E80B0F2237A6A9002C0D55 /* LaunchScreen.storyboard */,
				08E80B122237A6A9002C0D55 /* Info.plist */,
				08E80B132237A6A9002C0D55 /* main.m */,
			);
			path = RPFaceRecognition;
			sourceTree = "<group>";
		};
		08E80B1C2237A6A9002C0D55 /* RPFaceRecognitionTests */ = {
			isa = PBXGroup;
			children = (
				08E80B1D2237A6A9002C0D55 /* RPFaceRecognitionTests.m */,
				08E80B1F2237A6A9002C0D55 /* Info.plist */,
			);
			path = RPFaceRecognitionTests;
			sourceTree = "<group>";
		};
		08E80B272237A6A9002C0D55 /* RPFaceRecognitionUITests */ = {
			isa = PBXGroup;
			children = (
				08E80B282237A6A9002C0D55 /* RPFaceRecognitionUITests.m */,
				08E80B2A2237A6A9002C0D55 /* Info.plist */,
			);
			path = RPFaceRecognitionUITests;
			sourceTree = "<group>";
		};
		08E80B362237A6DB002C0D55 /* RPCameraManager */ = {
			isa = PBXGroup;
			children = (
				08E80B372237A6FD002C0D55 /* RPCameraManager.h */,
				08E80B382237A6FD002C0D55 /* RPCameraManager.m */,
				08E80B3A2237A730002C0D55 /* UIImage+RPResize.h */,
				08E80B3B2237A730002C0D55 /* UIImage+RPResize.m */,
			);
			path = RPCameraManager;
			sourceTree = "<group>";
		};
/* End PBXGroup section */

/* Begin PBXNativeTarget section */
		08E80B002237A6A7002C0D55 /* RPFaceRecognition */ = {
			isa = PBXNativeTarget;
			buildConfigurationList = 08E80B2D2237A6A9002C0D55 /* Build configuration list for PBXNativeTarget "RPFaceRecognition" */;
			buildPhases = (
				08E80AFD2237A6A7002C0D55 /* Sources */,
				08E80AFE2237A6A7002C0D55 /* Frameworks */,
				08E80AFF2237A6A7002C0D55 /* Resources */,
			);
			buildRules = (
			);
			dependencies = (
			);
			name = RPFaceRecognition;
			productName = RPFaceRecognition;
			productReference = 08E80B012237A6A7002C0D55 /* RPFaceRecognition.app */;
			productType = "com.apple.product-type.application";
		};
		08E80B182237A6A9002C0D55 /* RPFaceRecognitionTests */ = {
			isa = PBXNativeTarget;
			buildConfigurationList = 08E80B302237A6A9002C0D55 /* Build configuration list for PBXNativeTarget "RPFaceRecognitionTests" */;
			buildPhases = (
				08E80B152237A6A9002C0D55 /* Sources */,
				08E80B162237A6A9002C0D55 /* Frameworks */,
				08E80B172237A6A9002C0D55 /* Resources */,
			);
			buildRules = (
			);
			dependencies = (
				08E80B1B2237A6A9002C0D55 /* PBXTargetDependency */,
			);
			name = RPFaceRecognitionTests;
			productName = RPFaceRecognitionTests;
			productReference = 08E80B192237A6A9002C0D55 /* RPFaceRecognitionTests.xctest */;
			productType = "com.apple.product-type.bundle.unit-test";
		};
		08E80B232237A6A9002C0D55 /* RPFaceRecognitionUITests */ = {
			isa = PBXNativeTarget;
			buildConfigurationList = 08E80B332237A6A9002C0D55 /* Build configuration list for PBXNativeTarget "RPFaceRecognitionUITests" */;
			buildPhases = (
				08E80B202237A6A9002C0D55 /* Sources */,
				08E80B212237A6A9002C0D55 /* Frameworks */,
				08E80B222237A6A9002C0D55 /* Resources */,
			);
			buildRules = (
			);
			dependencies = (
				08E80B262237A6A9002C0D55 /* PBXTargetDependency */,
			);
			name = RPFaceRecognitionUITests;
			productName = RPFaceRecognitionUITests;
			productReference = 08E80B242237A6A9002C0D55 /* RPFaceRecognitionUITests.xctest */;
			productType = "com.apple.product-type.bundle.ui-testing";
		};
/* End PBXNativeTarget section */

/* Begin PBXProject section */
		08E80AF92237A6A6002C0D55 /* Project object */ = {
			isa = PBXProject;
			attributes = {
				LastUpgradeCheck = 1010;
				ORGANIZATIONNAME = rpweng;
				TargetAttributes = {
					08E80B002237A6A7002C0D55 = {
						CreatedOnToolsVersion = 10.1;
					};
					08E80B182237A6A9002C0D55 = {
						CreatedOnToolsVersion = 10.1;
						TestTargetID = 08E80B002237A6A7002C0D55;
					};
					08E80B232237A6A9002C0D55 = {
						CreatedOnToolsVersion = 10.1;
						TestTargetID = 08E80B002237A6A7002C0D55;
					};
				};
			};
			buildConfigurationList = 08E80AFC2237A6A6002C0D55 /* Build configuration list for PBXProject "RPFaceRecognition" */;
			compatibilityVersion = "Xcode 9.3";
			developmentRegion = en;
			hasScannedForEncodings = 0;
			knownRegions = (
				en,
				Base,
			);
			mainGroup = 08E80AF82237A6A6002C0D55;
			productRefGroup = 08E80B022237A6A7002C0D55 /* Products */;
			projectDirPath = "";
			projectRoot = "";
			targets = (
				08E80B002237A6A7002C0D55 /* RPFaceRecognition */,
				08E80B182237A6A9002C0D55 /* RPFaceRecognitionTests */,
				08E80B232237A6A9002C0D55 /* RPFaceRecognitionUITests */,
			);
		};
/* End PBXProject section */

/* Begin PBXResourcesBuildPhase section */
		08E80AFF2237A6A7002C0D55 /* Resources */ = {
			isa = PBXResourcesBuildPhase;
			buildActionMask = 2147483647;
			files = (
				08E80B112237A6A9002C0D55 /* LaunchScreen.storyboard in Resources */,
				08E80B0E2237A6A9002C0D55 /* Assets.xcassets in Resources */,
				08E80B0C2237A6A7002C0D55 /* Main.storyboard in Resources */,
			);
			runOnlyForDeploymentPostprocessing = 0;
		};
		08E80B172237A6A9002C0D55 /* Resources */ = {
			isa = PBXResourcesBuildPhase;
			buildActionMask = 2147483647;
			files = (
			);
			runOnlyForDeploymentPostprocessing = 0;
		};
		08E80B222237A6A9002C0D55 /* Resources */ = {
			isa = PBXResourcesBuildPhase;
			buildActionMask = 2147483647;
			files = (
			);
			runOnlyForDeploymentPostprocessing = 0;
		};
/* End PBXResourcesBuildPhase section */

/* Begin PBXSourcesBuildPhase section */
		08E80AFD2237A6A7002C0D55 /* Sources */ = {
			isa = PBXSourcesBuildPhase;
			buildActionMask = 2147483647;
			files = (
				08E80B092237A6A7002C0D55 /* ViewController.m in Sources */,
				08E80B142237A6A9002C0D55 /* main.m in Sources */,
				08E80B392237A6FD002C0D55 /* RPCameraManager.m in Sources */,
				08E80B062237A6A7002C0D55 /* AppDelegate.m in Sources */,
				08E80B3C2237A730002C0D55 /* UIImage+RPResize.m in Sources */,
			);
			runOnlyForDeploymentPostprocessing = 0;
		};
		08E80B152237A6A9002C0D55 /* Sources */ = {
			isa = PBXSourcesBuildPhase;
			buildActionMask = 2147483647;
			files = (
				08E80B1E2237A6A9002C0D55 /* RPFaceRecognitionTests.m in Sources */,
			);
			runOnlyForDeploymentPostprocessing = 0;
		};
		08E80B202237A6A9002C0D55 /* Sources */ = {
			isa = PBXSourcesBuildPhase;
			buildActionMask = 2147483647;
			files = (
				08E80B292237A6A9002C0D55 /* RPFaceRecognitionUITests.m in Sources */,
			);
			runOnlyForDeploymentPostprocessing = 0;
		};
/* End PBXSourcesBuildPhase section */

/* Begin PBXTargetDependency section */
		08E80B1B2237A6A9002C0D55 /* PBXTargetDependency */ = {
			isa = PBXTargetDependency;
			target = 08E80B002237A6A7002C0D55 /* RPFaceRecognition */;
			targetProxy = 08E80B1A2237A6A9002C0D55 /* PBXContainerItemProxy */;
		};
		08E80B262237A6A9002C0D55 /* PBXTargetDependency */ = {
			isa = PBXTargetDependency;
			target = 08E80B002237A6A7002C0D55 /* RPFaceRecognition */;
			targetProxy = 08E80B252237A6A9002C0D55 /* PBXContainerItemProxy */;
		};
/* End PBXTargetDependency section */

/* Begin PBXVariantGroup section */
		08E80B0A2237A6A7002C0D55 /* Main.storyboard */ = {
			isa = PBXVariantGroup;
			children = (
				08E80B0B2237A6A7002C0D55 /* Base */,
			);
			name = Main.storyboard;
			sourceTree = "<group>";
		};
		08E80B0F2237A6A9002C0D55 /* LaunchScreen.storyboard */ = {
			isa = PBXVariantGroup;
			children = (
				08E80B102237A6A9002C0D55 /* Base */,
			);
			name = LaunchScreen.storyboard;
			sourceTree = "<group>";
		};
/* End PBXVariantGroup section */

/* Begin XCBuildConfiguration section */
		08E80B2B2237A6A9002C0D55 /* Debug */ = {
			isa = XCBuildConfiguration;
			buildSettings = {
				ALWAYS_SEARCH_USER_PATHS = NO;
				CLANG_ANALYZER_NONNULL = YES;
				CLANG_ANALYZER_NUMBER_OBJECT_CONVERSION = YES_AGGRESSIVE;
				CLANG_CXX_LANGUAGE_STANDARD = "gnu++14";
				CLANG_CXX_LIBRARY = "libc++";
				CLANG_ENABLE_MODULES = YES;
				CLANG_ENABLE_OBJC_ARC = YES;
				CLANG_ENABLE_OBJC_WEAK = YES;
				CLANG_WARN_BLOCK_CAPTURE_AUTORELEASING = YES;
				CLANG_WARN_BOOL_CONVERSION = YES;
				CLANG_WARN_COMMA = YES;
				CLANG_WARN_CONSTANT_CONVERSION = YES;
				CLANG_WARN_DEPRECATED_OBJC_IMPLEMENTATIONS = YES;
				CLANG_WARN_DIRECT_OBJC_ISA_USAGE = YES_ERROR;
				CLANG_WARN_DOCUMENTATION_COMMENTS = YES;
				CLANG_WARN_EMPTY_BODY = YES;
				CLANG_WARN_ENUM_CONVERSION = YES;
				CLANG_WARN_INFINITE_RECURSION = YES;
				CLANG_WARN_INT_CONVERSION = YES;
				CLANG_WARN_NON_LITERAL_NULL_CONVERSION = YES;
				CLANG_WARN_OBJC_IMPLICIT_RETAIN_SELF = YES;
				CLANG_WARN_OBJC_LITERAL_CONVERSION = YES;
				CLANG_WARN_OBJC_ROOT_CLASS = YES_ERROR;
				CLANG_WARN_RANGE_LOOP_ANALYSIS = YES;
				CLANG_WARN_STRICT_PROTOTYPES = YES;
				CLANG_WARN_SUSPICIOUS_MOVE = YES;
				CLANG_WARN_UNGUARDED_AVAILABILITY = YES_AGGRESSIVE;
				CLANG_WARN_UNREACHABLE_CODE = YES;
				CLANG_WARN__DUPLICATE_METHOD_MATCH = YES;
				CODE_SIGN_IDENTITY = "iPhone Developer";
				COPY_PHASE_STRIP = NO;
				DEBUG_INFORMATION_FORMAT = dwarf;
				ENABLE_STRICT_OBJC_MSGSEND = YES;
				ENABLE_TESTABILITY = YES;
				GCC_C_LANGUAGE_STANDARD = gnu11;
				GCC_DYNAMIC_NO_PIC = NO;
				GCC_NO_COMMON_BLOCKS = YES;
				GCC_OPTIMIZATION_LEVEL = 0;
				GCC_PREPROCESSOR_DEFINITIONS = (
					"DEBUG=1",
					"$(inherited)",
				);
				GCC_WARN_64_TO_32_BIT_CONVERSION = YES;
				GCC_WARN_ABOUT_RETURN_TYPE = YES_ERROR;
				GCC_WARN_UNDECLARED_SELECTOR = YES;
				GCC_WARN_UNINITIALIZED_AUTOS = YES_AGGRESSIVE;
				GCC_WARN_UNUSED_FUNCTION = YES;
				GCC_WARN_UNUSED_VARIABLE = YES;
				IPHONEOS_DEPLOYMENT_TARGET = 12.1;
				MTL_ENABLE_DEBUG_INFO = INCLUDE_SOURCE;
				MTL_FAST_MATH = YES;
				ONLY_ACTIVE_ARCH = YES;
				SDKROOT = iphoneos;
			};
			name = Debug;
		};
		08E80B2C2237A6A9002C0D55 /* Release */ = {
			isa = XCBuildConfiguration;
			buildSettings = {
				ALWAYS_SEARCH_USER_PATHS = NO;
				CLANG_ANALYZER_NONNULL = YES;
				CLANG_ANALYZER_NUMBER_OBJECT_CONVERSION = YES_AGGRESSIVE;
				CLANG_CXX_LANGUAGE_STANDARD = "gnu++14";
				CLANG_CXX_LIBRARY = "libc++";
				CLANG_ENABLE_MODULES = YES;
				CLANG_ENABLE_OBJC_ARC = YES;
				CLANG_ENABLE_OBJC_WEAK = YES;
				CLANG_WARN_BLOCK_CAPTURE_AUTORELEASING = YES;
				CLANG_WARN_BOOL_CONVERSION = YES;
				CLANG_WARN_COMMA = YES;
				CLANG_WARN_CONSTANT_CONVERSION = YES;
				CLANG_WARN_DEPRECATED_OBJC_IMPLEMENTATIONS = YES;
				CLANG_WARN_DIRECT_OBJC_ISA_USAGE = YES_ERROR;
				CLANG_WARN_DOCUMENTATION_COMMENTS = YES;
				CLANG_WARN_EMPTY_BODY = YES;
				CLANG_WARN_ENUM_CONVERSION = YES;
				CLANG_WARN_INFINITE_RECURSION = YES;
				CLANG_WARN_INT_CONVERSION = YES;
				CLANG_WARN_NON_LITERAL_NULL_CONVERSION = YES;
				CLANG_WARN_OBJC_IMPLICIT_RETAIN_SELF = YES;
				CLANG_WARN_OBJC_LITERAL_CONVERSION = YES;
				CLANG_WARN_OBJC_ROOT_CLASS = YES_ERROR;
				CLANG_WARN_RANGE_LOOP_ANALYSIS = YES;
				CLANG_WARN_STRICT_PROTOTYPES = YES;
				CLANG_WARN_SUSPICIOUS_MOVE = YES;
				CLANG_WARN_UNGUARDED_AVAILABILITY = YES_AGGRESSIVE;
				CLANG_WARN_UNREACHABLE_CODE = YES;
				CLANG_WARN__DUPLICATE_METHOD_MATCH = YES;
				CODE_SIGN_IDENTITY = "iPhone Developer";
				COPY_PHASE_STRIP = NO;
				DEBUG_INFORMATION_FORMAT = "dwarf-with-dsym";
				ENABLE_NS_ASSERTIONS = NO;
				ENABLE_STRICT_OBJC_MSGSEND = YES;
				GCC_C_LANGUAGE_STANDARD = gnu11;
				GCC_NO_COMMON_BLOCKS = YES;
				GCC_WARN_64_TO_32_BIT_CONVERSION = YES;
				GCC_WARN_ABOUT_RETURN_TYPE = YES_ERROR;
				GCC_WARN_UNDECLARED_SELECTOR = YES;
				GCC_WARN_UNINITIALIZED_AUTOS = YES_AGGRESSIVE;
				GCC_WARN_UNUSED_FUNCTION = YES;
				GCC_WARN_UNUSED_VARIABLE = YES;
				IPHONEOS_DEPLOYMENT_TARGET = 12.1;
				MTL_ENABLE_DEBUG_INFO = NO;
				MTL_FAST_MATH = YES;
				SDKROOT = iphoneos;
				VALIDATE_PRODUCT = YES;
			};
			name = Release;
		};
		08E80B2E2237A6A9002C0D55 /* Debug */ = {
			isa = XCBuildConfiguration;
			buildSettings = {
				ASSETCATALOG_COMPILER_APPICON_NAME = AppIcon;
				CODE_SIGN_STYLE = Automatic;
				DEVELOPMENT_TEAM = 7YUADNPV9U;
				INFOPLIST_FILE = RPFaceRecognition/Info.plist;
				LD_RUNPATH_SEARCH_PATHS = (
					"$(inherited)",
					"@executable_path/Frameworks",
				);
				PRODUCT_BUNDLE_IDENTIFIER = com.rpweng.RPFaceRecognition;
				PRODUCT_NAME = "$(TARGET_NAME)";
				TARGETED_DEVICE_FAMILY = "1,2";
			};
			name = Debug;
		};
		08E80B2F2237A6A9002C0D55 /* Release */ = {
			isa = XCBuildConfiguration;
			buildSettings = {
				ASSETCATALOG_COMPILER_APPICON_NAME = AppIcon;
				CODE_SIGN_STYLE = Automatic;
				DEVELOPMENT_TEAM = 7YUADNPV9U;
				INFOPLIST_FILE = RPFaceRecognition/Info.plist;
				LD_RUNPATH_SEARCH_PATHS = (
					"$(inherited)",
					"@executable_path/Frameworks",
				);
				PRODUCT_BUNDLE_IDENTIFIER = com.rpweng.RPFaceRecognition;
				PRODUCT_NAME = "$(TARGET_NAME)";
				TARGETED_DEVICE_FAMILY = "1,2";
			};
			name = Release;
		};
		08E80B312237A6A9002C0D55 /* Debug */ = {
			isa = XCBuildConfiguration;
			buildSettings = {
				BUNDLE_LOADER = "$(TEST_HOST)";
				CODE_SIGN_STYLE = Automatic;
				DEVELOPMENT_TEAM = 7YUADNPV9U;
				INFOPLIST_FILE = RPFaceRecognitionTests/Info.plist;
				LD_RUNPATH_SEARCH_PATHS = (
					"$(inherited)",
					"@executable_path/Frameworks",
					"@loader_path/Frameworks",
				);
				PRODUCT_BUNDLE_IDENTIFIER = com.rpweng.RPFaceRecognitionTests;
				PRODUCT_NAME = "$(TARGET_NAME)";
				TARGETED_DEVICE_FAMILY = "1,2";
				TEST_HOST = "$(BUILT_PRODUCTS_DIR)/RPFaceRecognition.app/RPFaceRecognition";
			};
			name = Debug;
		};
		08E80B322237A6A9002C0D55 /* Release */ = {
			isa = XCBuildConfiguration;
			buildSettings = {
				BUNDLE_LOADER = "$(TEST_HOST)";
				CODE_SIGN_STYLE = Automatic;
				DEVELOPMENT_TEAM = 7YUADNPV9U;
				INFOPLIST_FILE = RPFaceRecognitionTests/Info.plist;
				LD_RUNPATH_SEARCH_PATHS = (
					"$(inherited)",
					"@executable_path/Frameworks",
					"@loader_path/Frameworks",
				);
				PRODUCT_BUNDLE_IDENTIFIER = com.rpweng.RPFaceRecognitionTests;
				PRODUCT_NAME = "$(TARGET_NAME)";
				TARGETED_DEVICE_FAMILY = "1,2";
				TEST_HOST = "$(BUILT_PRODUCTS_DIR)/RPFaceRecognition.app/RPFaceRecognition";
			};
			name = Release;
		};
		08E80B342237A6A9002C0D55 /* Debug */ = {
			isa = XCBuildConfiguration;
			buildSettings = {
				CODE_SIGN_STYLE = Automatic;
				DEVELOPMENT_TEAM = 7YUADNPV9U;
				INFOPLIST_FILE = RPFaceRecognitionUITests/Info.plist;
				LD_RUNPATH_SEARCH_PATHS = (
					"$(inherited)",
					"@executable_path/Frameworks",
					"@loader_path/Frameworks",
				);
				PRODUCT_BUNDLE_IDENTIFIER = com.rpweng.RPFaceRecognitionUITests;
				PRODUCT_NAME = "$(TARGET_NAME)";
				TARGETED_DEVICE_FAMILY = "1,2";
				TEST_TARGET_NAME = RPFaceRecognition;
			};
			name = Debug;
		};
		08E80B352237A6A9002C0D55 /* Release */ = {
			isa = XCBuildConfiguration;
			buildSettings = {
				CODE_SIGN_STYLE = Automatic;
				DEVELOPMENT_TEAM = 7YUADNPV9U;
				INFOPLIST_FILE = RPFaceRecognitionUITests/Info.plist;
				LD_RUNPATH_SEARCH_PATHS = (
					"$(inherited)",
					"@executable_path/Frameworks",
					"@loader_path/Frameworks",
				);
				PRODUCT_BUNDLE_IDENTIFIER = com.rpweng.RPFaceRecognitionUITests;
				PRODUCT_NAME = "$(TARGET_NAME)";
				TARGETED_DEVICE_FAMILY = "1,2";
				TEST_TARGET_NAME = RPFaceRecognition;
			};
			name = Release;
		};
/* End XCBuildConfiguration section */

/* Begin XCConfigurationList section */
		08E80AFC2237A6A6002C0D55 /* Build configuration list for PBXProject "RPFaceRecognition" */ = {
			isa = XCConfigurationList;
			buildConfigurations = (
				08E80B2B2237A6A9002C0D55 /* Debug */,
				08E80B2C2237A6A9002C0D55 /* Release */,
			);
			defaultConfigurationIsVisible = 0;
			defaultConfigurationName = Release;
		};
		08E80B2D2237A6A9002C0D55 /* Build configuration list for PBXNativeTarget "RPFaceRecognition" */ = {
			isa = XCConfigurationList;
			buildConfigurations = (
				08E80B2E2237A6A9002C0D55 /* Debug */,
				08E80B2F2237A6A9002C0D55 /* Release */,
			);
			defaultConfigurationIsVisible = 0;
			defaultConfigurationName = Release;
		};
		08E80B302237A6A9002C0D55 /* Build configuration list for PBXNativeTarget "RPFaceRecognitionTests" */ = {
			isa = XCConfigurationList;
			buildConfigurations = (
				08E80B312237A6A9002C0D55 /* Debug */,
				08E80B322237A6A9002C0D55 /* Release */,
			);
			defaultConfigurationIsVisible = 0;
			defaultConfigurationName = Release;
		};
		08E80B332237A6A9002C0D55 /* Build configuration list for PBXNativeTarget "RPFaceRecognitionUITests" */ = {
			isa = XCConfigurationList;
			buildConfigurations = (
				08E80B342237A6A9002C0D55 /* Debug */,
				08E80B352237A6A9002C0D55 /* Release */,
			);
			defaultConfigurationIsVisible = 0;
			defaultConfigurationName = Release;
		};
/* End XCConfigurationList section */
	};
	rootObject = 08E80AF92237A6A6002C0D55 /* Project object */;
}
